{
  "version": 4,
  "terraform_version": "0.15.4",
  "serial": 29,
  "lineage": "5c33cd47-2e8c-a015-46ce-da6fb80154e9",
  "outputs": {},
  "resources": [
    {
      "module": "module.ec2",
      "mode": "managed",
      "type": "aws_instance",
      "name": "app",
      "provider": "provider[\"registry.terraform.io/hashicorp/aws\"]",
      "instances": [
        {
          "schema_version": 1,
          "attributes": {
            "ami": "ami-005e54dee72cc1d00",
            "arn": "arn:aws:ec2:us-west-2::instance/i-5f9cc161f444f490c",
            "associate_public_ip_address": true,
            "availability_zone": "us-east-1a",
            "capacity_reservation_specification": [],
            "cpu_core_count": null,
            "cpu_threads_per_core": null,
            "credit_specification": [
              {
                "cpu_credits": "standard"
              }
            ],
            "disable_api_termination": false,
            "ebs_block_device": [],
            "ebs_optimized": false,
            "enclave_options": [],
            "ephemeral_block_device": [],
            "get_password_data": false,
            "hibernation": null,
            "host_id": null,
            "iam_instance_profile": "",
            "id": "i-5f9cc161f444f490c",
            "instance_initiated_shutdown_behavior": "",
            "instance_state": "running",
            "instance_type": "t2.micro",
            "ipv6_address_count": 0,
            "ipv6_addresses": [],
            "key_name": "None",
            "metadata_options": [],
            "monitoring": false,
            "network_interface": [
              {
                "delete_on_termination": false,
                "device_index": 0,
                "network_interface_id": "eni-e87aabd5"
              }
            ],
            "outpost_arn": "",
            "password_data": "",
            "placement_group": "",
            "primary_network_interface_id": "eni-e87aabd5",
            "private_dns": "ip-10-95-101-50.ec2.internal",
            "private_ip": "10.95.101.50",
            "public_dns": "ec2-54-214-79-137.compute-1.amazonaws.com",
            "public_ip": "54.214.79.137",
            "root_block_device": [
              {
                "delete_on_termination": true,
                "device_name": "/dev/sda1",
                "encrypted": false,
                "iops": 0,
                "kms_key_id": "",
                "tags": {},
                "throughput": 0,
                "volume_id": "vol-fafdb29c",
                "volume_size": 8,
                "volume_type": "standard"
              }
            ],
            "secondary_private_ips": [],
            "security_groups": [],
            "source_dest_check": true,
            "subnet_id": "subnet-187f2ce6",
            "tags": null,
            "tags_all": {},
            "tenancy": "default",
            "timeouts": null,
            "user_data": null,
            "user_data_base64": null,
            "volume_tags": null,
            "vpc_security_group_ids": []
          },
          "sensitive_attributes": [],
          "private": "eyJlMmJmYjczMC1lY2FhLTExZTYtOGY4OC0zNDM2M2JjN2M0YzAiOnsiY3JlYXRlIjo2MDAwMDAwMDAwMDAsImRlbGV0ZSI6MTIwMDAwMDAwMDAwMCwidXBkYXRlIjo2MDAwMDAwMDAwMDB9LCJzY2hlbWFfdmVyc2lvbiI6IjEifQ==",
          "dependencies": [
            "module.network.aws_network_interface.public_interface",
            "module.network.aws_subnet.public_subnet"
          ]
        }
      ]
    },
    {
      "module": "module.network",
      "mode": "managed",
      "type": "aws_network_interface",
      "name": "private_interface",
      "provider": "provider[\"registry.terraform.io/hashicorp/aws\"]",
      "instances": [
        {
          "schema_version": 0,
          "attributes": {
            "attachment": [],
            "description": "None",
            "id": "eni-2bb76b7e",
            "interface_type": "",
            "ipv6_address_count": 0,
            "ipv6_addresses": [],
            "mac_address": "0e:a3:a7:7b:95:a7",
            "outpost_arn": "",
            "private_dns_name": "ip-10-0-0-134.us-west-2.compute.internal",
            "private_ip": "10.29.121.122",
            "private_ips": [
              "10.29.121.122"
            ],
            "private_ips_count": 0,
            "security_groups": [],
            "source_dest_check": false,
            "subnet_id": "subnet-4aabaaf5",
            "tags": {
              "Name": "private_network_interface"
            },
            "tags_all": {
              "Name": "private_network_interface"
            }
          },
          "sensitive_attributes": [],
          "private": "bnVsbA==",
          "dependencies": [
            "module.network.aws_subnet.private_subnet"
          ]
        }
      ]
    },
    {
      "module": "module.network",
      "mode": "managed",
      "type": "aws_network_interface",
      "name": "public_interface",
      "provider": "provider[\"registry.terraform.io/hashicorp/aws\"]",
      "instances": [
        {
          "schema_version": 0,
          "attributes": {
            "attachment": [
              {
                "attachment_id": "eni-attach-2e7ced1b",
                "device_index": 0,
                "instance": "i-1fea07ffe13ca0b5c"
              }
            ],
            "description": "None",
            "id": "eni-e87aabd5",
            "interface_type": "",
            "ipv6_address_count": 0,
            "ipv6_addresses": [],
            "mac_address": "0e:a3:a7:7b:95:a7",
            "outpost_arn": "",
            "private_dns_name": "ip-10-0-0-134.us-west-2.compute.internal",
            "private_ip": "10.95.101.50",
            "private_ips": [
              "10.95.101.50"
            ],
            "private_ips_count": 0,
            "security_groups": [],
            "source_dest_check": true,
            "subnet_id": "subnet-187f2ce6",
            "tags": {
              "Name": "public_network_interface"
            },
            "tags_all": {
              "Name": "public_network_interface"
            }
          },
          "sensitive_attributes": [],
          "private": "bnVsbA==",
          "dependencies": [
            "module.network.aws_subnet.public_subnet"
          ]
        }
      ]
    },
    {
      "module": "module.network",
      "mode": "managed",
      "type": "aws_subnet",
      "name": "private_subnet",
      "provider": "provider[\"registry.terraform.io/hashicorp/aws\"]",
      "instances": [
        {
          "schema_version": 1,
          "attributes": {
            "arn": "arn:aws:ec2:us-east-1:111122223333:subnet/subnet-4aabaaf5",
            "assign_ipv6_address_on_creation": false,
            "availability_zone": "us-east-1e",
            "availability_zone_id": "use1-az3",
            "cidr_block": "192.168.1.128/25",
            "customer_owned_ipv4_pool": "",
            "id": "subnet-4aabaaf5",
            "ipv6_cidr_block": "",
            "ipv6_cidr_block_association_id": "",
            "map_customer_owned_ip_on_launch": false,
            "map_public_ip_on_launch": true,
            "outpost_arn": "",
            "owner_id": "111122223333",
            "tags": {},
            "tags_all": {},
            "timeouts": null,
            "vpc_id": "vpc-c6d4fc2c"
          },
          "sensitive_attributes": [],
          "private": "eyJlMmJmYjczMC1lY2FhLTExZTYtOGY4OC0zNDM2M2JjN2M0YzAiOnsiY3JlYXRlIjo2MDAwMDAwMDAwMDAsImRlbGV0ZSI6MTIwMDAwMDAwMDAwMH0sInNjaGVtYV92ZXJzaW9uIjoiMSJ9",
          "dependencies": [
            "module.network.aws_vpc.main_vpc"
          ]
        }
      ]
    },
    {
      "module": "module.network",
      "mode": "managed",
      "type": "aws_subnet",
      "name": "public_subnet",
      "provider": "provider[\"registry.terraform.io/hashicorp/aws\"]",
      "instances": [
        {
          "schema_version": 1,
          "attributes": {
            "arn": "arn:aws:ec2:us-east-1:111122223333:subnet/subnet-187f2ce6",
            "assign_ipv6_address_on_creation": false,
            "availability_zone": "us-east-1e",
            "availability_zone_id": "use1-az3",
            "cidr_block": "192.168.1.0/25",
            "customer_owned_ipv4_pool": "",
            "id": "subnet-187f2ce6",
            "ipv6_cidr_block": "",
            "ipv6_cidr_block_association_id": "",
            "map_customer_owned_ip_on_launch": false,
            "map_public_ip_on_launch": true,
            "outpost_arn": "",
            "owner_id": "111122223333",
            "tags": {},
            "tags_all": {},
            "timeouts": null,
            "vpc_id": "vpc-c6d4fc2c"
          },
          "sensitive_attributes": [],
          "private": "eyJlMmJmYjczMC1lY2FhLTExZTYtOGY4OC0zNDM2M2JjN2M0YzAiOnsiY3JlYXRlIjo2MDAwMDAwMDAwMDAsImRlbGV0ZSI6MTIwMDAwMDAwMDAwMH0sInNjaGVtYV92ZXJzaW9uIjoiMSJ9",
          "dependencies": [
            "module.network.aws_vpc.main_vpc"
          ]
        }
      ]
    },
    {
      "module": "module.network",
      "mode": "managed",
      "type": "aws_vpc",
      "name": "main_vpc",
      "provider": "provider[\"registry.terraform.io/hashicorp/aws\"]",
      "instances": [
        {
          "schema_version": 1,
          "attributes": {
            "arn": "arn:aws:ec2:us-west-2::vpc/vpc-c6d4fc2c",
            "assign_generated_ipv6_cidr_block": false,
            "cidr_block": "192.168.1.0/24",
            "default_network_acl_id": "acl-d699edc7",
            "default_route_table_id": "rtb-38ebad58",
            "default_security_group_id": "sg-e16e69e2",
            "dhcp_options_id": "dopt-7a8b9c2d",
            "enable_classiclink": false,
            "enable_classiclink_dns_support": false,
            "enable_dns_hostnames": true,
            "enable_dns_support": true,
            "id": "vpc-c6d4fc2c",
            "instance_tenancy": "default",
            "ipv6_association_id": "",
            "ipv6_cidr_block": "",
            "main_route_table_id": "rtb-38ebad58",
            "owner_id": "",
            "tags": {
              "Name": "main_vpc"
            },
            "tags_all": {
              "Name": "main_vpc"
            }
          },
          "sensitive_attributes": [],
          "private": "eyJzY2hlbWFfdmVyc2lvbiI6IjEifQ=="
        }
      ]
    }
  ]
}
